
Microsoft Visual Studio Solution File, Format Version 12.00
# Visual Studio Version 17
VisualStudioVersion = 17.11.35327.3
MinimumVisualStudioVersion = 10.0.40219.1
Project("{8BC9CEB8-8B4A-11D0-8D11-00A0C91BC942}") = "AndEngine", "AndEngine.vcxproj", "{D0C218FC-DF85-46F1-A350-7EF48D0E83C3}"
EndProject
Global
	GlobalSection(SolutionConfigurationPlatforms) = preSolution
		Debug|x64 = Debug|x64
		Debug|x86 = Debug|x86
		Release|x64 = Release|x64
		Release|x86 = Release|x86
	EndGlobalSection
	GlobalSection(ProjectConfigurationPlatforms) = postSolution
		{D0C218FC-DF85-46F1-A350-7EF48D0E83C3}.Debug|x64.ActiveCfg = Debug|x64
		{D0C218FC-DF85-46F1-A350-7EF48D0E83C3}.Debug|x64.Build.0 = Debug|x64
		{D0C218FC-DF85-46F1-A350-7EF48D0E83C3}.Debug|x86.ActiveCfg = Debug|Win32
		{D0C218FC-DF85-46F1-A350-7EF48D0E83C3}.Debug|x86.Build.0 = Debug|Win32
		{D0C218FC-DF85-46F1-A350-7EF48D0E83C3}.Release|x64.ActiveCfg = Release|x64
		{D0C218FC-DF85-46F1-A350-7EF48D0E83C3}.Release|x64.Build.0 = Release|x64
		{D0C218FC-DF85-46F1-A350-7EF48D0E83C3}.Release|x86.ActiveCfg = Release|Win32
		{D0C218FC-DF85-46F1-A350-7EF48D0E83C3}.Release|x86.Build.0 = Release|Win32
	EndGlobalSection
	GlobalSection(SolutionProperties) = preSolution
		HideSolutionNode = FALSE
	EndGlobalSection
	GlobalSection(ExtensibilityGlobals) = postSolution
		SolutionGuid = {5A924D28-E295-41A2-B4AC-9B2A659B8736}
	EndGlobalSection
EndGlobal
